lockfileVersion: '6.0'

settings:
  autoInstallPeers: true
  excludeLinksFromLockfile: false

devDependencies:
  '@playwright/test':
    specifier: 1.51.0
    version: 1.51.0

packages:

  /@playwright/test@1.51.0:
    resolution: {integrity: sha1-jVyEALRloL/bz5k+OQzuy5A+ptI=}
    engines: {node: '>=18'}
    hasBin: true
    dependencies:
      playwright: 1.51.0
    dev: true

  /fsevents@2.3.2:
    resolution: {integrity: sha1-ilJveLj99GI7cJ4Ll1xSwkwC/Ro=}
    engines: {node: ^8.16.0 || ^10.6.0 || >=11.0.0}
    os: [darwin]
    requiresBuild: true
    dev: true
    optional: true

  /playwright-core@1.51.0:
    resolution: {integrity: sha1-uyPqa7YpgkLQiK5elm/8+NyYJ+g=}
    engines: {node: '>=18'}
    hasBin: true
    dev: true

  /playwright@1.51.0:
    resolution: {integrity: sha1-m6FUSXumK8bcGZxY7hkpXrNaRwc=}
    engines: {node: '>=18'}
    hasBin: true
    dependencies:
      playwright-core: 1.51.0
    optionalDependencies:
      fsevents: 2.3.2
    dev: true
