{
  "name": "ohc-harness-test-tools",
  "version": "1.0.0",
  "lockfileVersion": 3,
  "requires": true,
  "packages": {
    "": {
      "name": "ohc-harness-test-tools",
      "version": "1.0.0",
      "dependencies": {
        "opencode-ai": "1.18.15"
      }
    },
    "node_modules/opencode-ai": {
      "version": "1.18.15",
      "resolved": "https://registry.npmjs.org/opencode-ai/-/opencode-ai-1.18.15.tgz",
      "integrity": "sha512-97T8+zrW9LwA1X2giwNSUAmsZm6Ilejq3cLpih3y2X6qYZyT8HjuVawFyZut8F3XBge1pfG7SOh5/1dJcteSOw==",
      "cpu": [
        "arm64",
        "x64"
      ],
      "hasInstallScript": true,
      "os": [
        "darwin",
        "linux",
        "win32"
      ],
      "bin": {
        "opencode": "bin/opencode.exe"
      },
      "optionalDependencies": {
        "opencode-darwin-arm64": "1.18.15",
        "opencode-darwin-x64": "1.18.15",
        "opencode-darwin-x64-baseline": "1.18.15",
        "opencode-linux-arm64": "1.18.15",
        "opencode-linux-arm64-musl": "1.18.15",
        "opencode-linux-x64": "1.18.15",
        "opencode-linux-x64-baseline": "1.18.15",
        "opencode-linux-x64-baseline-musl": "1.18.15",
        "opencode-linux-x64-musl": "1.18.15",
        "opencode-windows-arm64": "1.18.15",
        "opencode-windows-x64": "1.18.15",
        "opencode-windows-x64-baseline": "1.18.15"
      }
    },
    "node_modules/opencode-darwin-arm64": {
      "version": "1.18.15",
      "resolved": "https://registry.npmjs.org/opencode-darwin-arm64/-/opencode-darwin-arm64-1.18.15.tgz",
      "integrity": "sha512-cQNylgrCzhuEJV8EZzMb80RfCJVx972FfD4iNGaGbXxJ/0hAKahhvsasMAK9557o4JMYbsEcxbXGOTuwoDc0sA==",
      "cpu": [
        "arm64"
      ],
      "optional": true,
      "os": [
        "darwin"
      ]
    },
    "node_modules/opencode-darwin-x64": {
      "version": "1.18.15",
      "resolved": "https://registry.npmjs.org/opencode-darwin-x64/-/opencode-darwin-x64-1.18.15.tgz",
      "integrity": "sha512-Mk+4r5RE+3CmRk7aRW8IUeJJpuUxVn9zeQ7n7sVbUIWbjVGzfwtPWGDkwumqLdxDQiLNRNaPBnESxSaadgSdEA==",
      "cpu": [
        "x64"
      ],
      "optional": true,
      "os": [
        "darwin"
      ]
    },
    "node_modules/opencode-darwin-x64-baseline": {
      "version": "1.18.15",
      "resolved": "https://registry.npmjs.org/opencode-darwin-x64-baseline/-/opencode-darwin-x64-baseline-1.18.15.tgz",
      "integrity": "sha512-1ywad+MK9Fp/vnOnMuIVi+/t2AO6rFz4Q844hgo4//NjVhL187RCsLLChkiOryh8nvovNUQVwbM/l+M8HiSFEg==",
      "cpu": [
        "x64"
      ],
      "optional": true,
      "os": [
        "darwin"
      ]
    },
    "node_modules/opencode-linux-arm64": {
      "version": "1.18.15",
      "resolved": "https://registry.npmjs.org/opencode-linux-arm64/-/opencode-linux-arm64-1.18.15.tgz",
      "integrity": "sha512-lJ+pPrJOxo3U2HeXis9aN/vrSFf1iXZXC9S0mTSWtm7qnFOJ3SLI7ALf7NKZoRHOOKUs9RfjR1DMLjzBcGAXog==",
      "cpu": [
        "arm64"
      ],
      "optional": true,
      "os": [
        "linux"
      ]
    },
    "node_modules/opencode-linux-arm64-musl": {
      "version": "1.18.15",
      "resolved": "https://registry.npmjs.org/opencode-linux-arm64-musl/-/opencode-linux-arm64-musl-1.18.15.tgz",
      "integrity": "sha512-ttDdG8OKLvkfxfApnpuIqltxp5wwqVeYBKF7giE6pyxJQv5v+QsE7cS/CGorwiDrLMKDSrY1ERgFbuGi2MW2wA==",
      "cpu": [
        "arm64"
      ],
      "optional": true,
      "os": [
        "linux"
      ]
    },
    "node_modules/opencode-linux-x64": {
      "version": "1.18.15",
      "resolved": "https://registry.npmjs.org/opencode-linux-x64/-/opencode-linux-x64-1.18.15.tgz",
      "integrity": "sha512-skbLGoflCqUSjSN60lXau6t6F0d1kpcf3N9L76hZsRfKJJeyqv+rybhLK6XUdnBzI1jDgg7+zw9bCvDr+UaI8A==",
      "cpu": [
        "x64"
      ],
      "optional": true,
      "os": [
        "linux"
      ]
    },
    "node_modules/opencode-linux-x64-baseline": {
      "version": "1.18.15",
      "resolved": "https://registry.npmjs.org/opencode-linux-x64-baseline/-/opencode-linux-x64-baseline-1.18.15.tgz",
      "integrity": "sha512-u77OHzEB0MYN3PCW/gzPS6uOdgSVlRinRXXQw0QYNwfEllCUV+EXaEhW2ewChA2LpfYRxrcSP3vgN6jUgFsk/A==",
      "cpu": [
        "x64"
      ],
      "optional": true,
      "os": [
        "linux"
      ]
    },
    "node_modules/opencode-linux-x64-baseline-musl": {
      "version": "1.18.15",
      "resolved": "https://registry.npmjs.org/opencode-linux-x64-baseline-musl/-/opencode-linux-x64-baseline-musl-1.18.15.tgz",
      "integrity": "sha512-AkpmO8X61X0Jj3WJtcJdIh/qB2J2pJn5hCrPaNuozjCV52+9zdnpbMKnk7IH0fJErWLf2OJfZVeYQhFHpLqHvw==",
      "cpu": [
        "x64"
      ],
      "optional": true,
      "os": [
        "linux"
      ]
    },
    "node_modules/opencode-linux-x64-musl": {
      "version": "1.18.15",
      "resolved": "https://registry.npmjs.org/opencode-linux-x64-musl/-/opencode-linux-x64-musl-1.18.15.tgz",
      "integrity": "sha512-vuctwoTBJoBKb047lBCLqqYY0FUIciM1g9CYeknaKSwA4LuoCXnCfHZzCPfLgcVH1WCCmMMtUhjc8A0V5UZwFA==",
      "cpu": [
        "x64"
      ],
      "optional": true,
      "os": [
        "linux"
      ]
    },
    "node_modules/opencode-windows-arm64": {
      "version": "1.18.15",
      "resolved": "https://registry.npmjs.org/opencode-windows-arm64/-/opencode-windows-arm64-1.18.15.tgz",
      "integrity": "sha512-qID37GgDGVsJB+f5HgLNLzk7lclG+rWRgV93owv1xIRADD0IcjHtdyzuU9mPqFgZ5mC0jtyIrnh3ZxQBrlckVg==",
      "cpu": [
        "arm64"
      ],
      "optional": true,
      "os": [
        "win32"
      ]
    },
    "node_modules/opencode-windows-x64": {
      "version": "1.18.15",
      "resolved": "https://registry.npmjs.org/opencode-windows-x64/-/opencode-windows-x64-1.18.15.tgz",
      "integrity": "sha512-Tfpj0VyWemoaTQhpiwb2FQ+7BLrvrzBGPWndSVlpOXFJ7bv5I/Rt+Jp/1bf4PYddMDULtSV8dtRg2oL6Sdl29Q==",
      "cpu": [
        "x64"
      ],
      "optional": true,
      "os": [
        "win32"
      ]
    },
    "node_modules/opencode-windows-x64-baseline": {
      "version": "1.18.15",
      "resolved": "https://registry.npmjs.org/opencode-windows-x64-baseline/-/opencode-windows-x64-baseline-1.18.15.tgz",
      "integrity": "sha512-4wr7lg4ajrAvPLrEMht8SZEgTfZBkc6yvFYAlo8Py3ld1EpfPVVu8UeI1Lp2VsaV1QycPj4E0DtoCCmYEI9f0g==",
      "cpu": [
        "x64"
      ],
      "optional": true,
      "os": [
        "win32"
      ]
    }
  }
}
